
Microsoft Visual Studio Solution File, Format Version 12.00
# Visual Studio Version 17
VisualStudioVersion = 17.2.32526.322
MinimumVisualStudioVersion = 10.0.40219.1
Project("{FAE04EC0-301F-11D3-BF4B-00C04F79EFBC}") = "Aula05Exer", "ExerAula05\Aula05Exer.csproj", "{3AD8B78B-00DC-4989-AAA6-0FE7B8257B85}"
EndProject
Project("{FAE04EC0-301F-11D3-BF4B-00C04F79EFBC}") = "Aula06Exer", "Aula06Exer\Aula06Exer.csproj", "{EFE7FDB9-9ED9-4A51-8DA6-F0CEF866D46E}"
EndProject
Project("{FAE04EC0-301F-11D3-BF4B-00C04F79EFBC}") = "Aula07Exer", "Aula07Exer\Aula07Exer.csproj", "{C8C1DAD7-7E79-48F3-9401-E1EE15155B27}"
EndProject
Project("{FAE04EC0-301F-11D3-BF4B-00C04F79EFBC}") = "Aula08Exer", "Aula08Exer\Aula08Exer.csproj", "{5C446146-4203-4B4D-AD86-F36B409AD918}"
EndProject
Project("{FAE04EC0-301F-11D3-BF4B-00C04F79EFBC}") = "Aula09-Exer01", "Aula09-Exer01\Aula09-Exer01.csproj", "{042AE97E-57A0-40AD-89C9-46023F6EF39B}"
EndProject
Project("{FAE04EC0-301F-11D3-BF4B-00C04F79EFBC}") = "Calculadora-Aula09", "Calculadora-Aula09\Calculadora-Aula09.csproj", "{568873E5-4B43-47A3-A6C5-AEE30AE56BAB}"
EndProject
Global
	GlobalSection(SolutionConfigurationPlatforms) = preSolution
		Debug|Any CPU = Debug|Any CPU
		Release|Any CPU = Release|Any CPU
	EndGlobalSection
	GlobalSection(ProjectConfigurationPlatforms) = postSolution
		{3AD8B78B-00DC-4989-AAA6-0FE7B8257B85}.Debug|Any CPU.ActiveCfg = Debug|Any CPU
		{3AD8B78B-00DC-4989-AAA6-0FE7B8257B85}.Debug|Any CPU.Build.0 = Debug|Any CPU
		{3AD8B78B-00DC-4989-AAA6-0FE7B8257B85}.Release|Any CPU.ActiveCfg = Release|Any CPU
		{3AD8B78B-00DC-4989-AAA6-0FE7B8257B85}.Release|Any CPU.Build.0 = Release|Any CPU
		{EFE7FDB9-9ED9-4A51-8DA6-F0CEF866D46E}.Debug|Any CPU.ActiveCfg = Debug|Any CPU
		{EFE7FDB9-9ED9-4A51-8DA6-F0CEF866D46E}.Debug|Any CPU.Build.0 = Debug|Any CPU
		{EFE7FDB9-9ED9-4A51-8DA6-F0CEF866D46E}.Release|Any CPU.ActiveCfg = Release|Any CPU
		{EFE7FDB9-9ED9-4A51-8DA6-F0CEF866D46E}.Release|Any CPU.Build.0 = Release|Any CPU
		{C8C1DAD7-7E79-48F3-9401-E1EE15155B27}.Debug|Any CPU.ActiveCfg = Debug|Any CPU
		{C8C1DAD7-7E79-48F3-9401-E1EE15155B27}.Debug|Any CPU.Build.0 = Debug|Any CPU
		{C8C1DAD7-7E79-48F3-9401-E1EE15155B27}.Release|Any CPU.ActiveCfg = Release|Any CPU
		{C8C1DAD7-7E79-48F3-9401-E1EE15155B27}.Release|Any CPU.Build.0 = Release|Any CPU
		{5C446146-4203-4B4D-AD86-F36B409AD918}.Debug|Any CPU.ActiveCfg = Debug|Any CPU
		{5C446146-4203-4B4D-AD86-F36B409AD918}.Debug|Any CPU.Build.0 = Debug|Any CPU
		{5C446146-4203-4B4D-AD86-F36B409AD918}.Release|Any CPU.ActiveCfg = Release|Any CPU
		{5C446146-4203-4B4D-AD86-F36B409AD918}.Release|Any CPU.Build.0 = Release|Any CPU
		{042AE97E-57A0-40AD-89C9-46023F6EF39B}.Debug|Any CPU.ActiveCfg = Debug|Any CPU
		{042AE97E-57A0-40AD-89C9-46023F6EF39B}.Debug|Any CPU.Build.0 = Debug|Any CPU
		{042AE97E-57A0-40AD-89C9-46023F6EF39B}.Release|Any CPU.ActiveCfg = Release|Any CPU
		{042AE97E-57A0-40AD-89C9-46023F6EF39B}.Release|Any CPU.Build.0 = Release|Any CPU
		{568873E5-4B43-47A3-A6C5-AEE30AE56BAB}.Debug|Any CPU.ActiveCfg = Debug|Any CPU
		{568873E5-4B43-47A3-A6C5-AEE30AE56BAB}.Debug|Any CPU.Build.0 = Debug|Any CPU
		{568873E5-4B43-47A3-A6C5-AEE30AE56BAB}.Release|Any CPU.ActiveCfg = Release|Any CPU
		{568873E5-4B43-47A3-A6C5-AEE30AE56BAB}.Release|Any CPU.Build.0 = Release|Any CPU
	EndGlobalSection
	GlobalSection(SolutionProperties) = preSolution
		HideSolutionNode = FALSE
	EndGlobalSection
	GlobalSection(ExtensibilityGlobals) = postSolution
		SolutionGuid = {06648D54-F72E-48D4-84D1-D690FE9E113C}
	EndGlobalSection
EndGlobal
